
Microsoft Visual Studio Solution File, Format Version 12.00
# Visual Studio 15
VisualStudioVersion = 15.0.27428.2015
MinimumVisualStudioVersion = 10.0.40219.1
Project("{9A19103F-16F7-4668-BE54-9A1E7A4F7556}") = "weGOPAY", "weGOPAY.csproj", "{B813E8B6-AEBE-40D4-B4F3-79105437879E}"
EndProject
Global
	GlobalSection(SolutionConfigurationPlatforms) = preSolution
		Debug|Any CPU = Debug|Any CPU
		Release|Any CPU = Release|Any CPU
	EndGlobalSection
	GlobalSection(ProjectConfigurationPlatforms) = postSolution
		{B813E8B6-AEBE-40D4-B4F3-79105437879E}.Debug|Any CPU.ActiveCfg = Debug|Any CPU
		{B813E8B6-AEBE-40D4-B4F3-79105437879E}.Debug|Any CPU.Build.0 = Debug|Any CPU
		{B813E8B6-AEBE-40D4-B4F3-79105437879E}.Release|Any CPU.ActiveCfg = Release|Any CPU
		{B813E8B6-AEBE-40D4-B4F3-79105437879E}.Release|Any CPU.Build.0 = Release|Any CPU
	EndGlobalSection
	GlobalSection(SolutionProperties) = preSolution
		HideSolutionNode = FALSE
	EndGlobalSection
	GlobalSection(ExtensibilityGlobals) = postSolution
		SolutionGuid = {53B34517-DF05-4CAE-B35A-4058408897E7}
	EndGlobalSection
EndGlobal
